
Microsoft Visual Studio Solution File, Format Version 12.00
# Visual Studio 15
VisualStudioVersion = 15.0.27004.2009
MinimumVisualStudioVersion = 10.0.40219.1
Project("{FAE04EC0-301F-11D3-BF4B-00C04F79EFBC}") = "PostIt2", "PostIt2\PostIt2.csproj", "{A0EC7266-9CE1-4172-82C0-D330F067B028}"
EndProject
Global
	GlobalSection(SolutionConfigurationPlatforms) = preSolution
		Debug|Any CPU = Debug|Any CPU
		Release|Any CPU = Release|Any CPU
	EndGlobalSection
	GlobalSection(ProjectConfigurationPlatforms) = postSolution
		{A0EC7266-9CE1-4172-82C0-D330F067B028}.Debug|Any CPU.ActiveCfg = Debug|Any CPU
		{A0EC7266-9CE1-4172-82C0-D330F067B028}.Debug|Any CPU.Build.0 = Debug|Any CPU
		{A0EC7266-9CE1-4172-82C0-D330F067B028}.Release|Any CPU.ActiveCfg = Release|Any CPU
		{A0EC7266-9CE1-4172-82C0-D330F067B028}.Release|Any CPU.Build.0 = Release|Any CPU
	EndGlobalSection
	GlobalSection(SolutionProperties) = preSolution
		HideSolutionNode = FALSE
	EndGlobalSection
	GlobalSection(ExtensibilityGlobals) = postSolution
		SolutionGuid = {2A42F1B8-68B4-4B0D-B100-2AFEA2CAC853}
	EndGlobalSection
EndGlobal
