
Microsoft Visual Studio Solution File, Format Version 12.00
# Visual Studio 15
VisualStudioVersion = 15.0.27004.2009
MinimumVisualStudioVersion = 10.0.40219.1
Project("{FAE04EC0-301F-11D3-BF4B-00C04F79EFBC}") = "The_Reddit", "The_Reddit\The_Reddit.csproj", "{4F7AA915-0D11-471F-A5CB-F84B8792DAAD}"
EndProject
Global
	GlobalSection(SolutionConfigurationPlatforms) = preSolution
		Debug|Any CPU = Debug|Any CPU
		Release|Any CPU = Release|Any CPU
	EndGlobalSection
	GlobalSection(ProjectConfigurationPlatforms) = postSolution
		{4F7AA915-0D11-471F-A5CB-F84B8792DAAD}.Debug|Any CPU.ActiveCfg = Debug|Any CPU
		{4F7AA915-0D11-471F-A5CB-F84B8792DAAD}.Debug|Any CPU.Build.0 = Debug|Any CPU
		{4F7AA915-0D11-471F-A5CB-F84B8792DAAD}.Release|Any CPU.ActiveCfg = Release|Any CPU
		{4F7AA915-0D11-471F-A5CB-F84B8792DAAD}.Release|Any CPU.Build.0 = Release|Any CPU
	EndGlobalSection
	GlobalSection(SolutionProperties) = preSolution
		HideSolutionNode = FALSE
	EndGlobalSection
	GlobalSection(ExtensibilityGlobals) = postSolution
		SolutionGuid = {2E1B1CE9-B16B-4634-82B9-83D5882854F1}
	EndGlobalSection
EndGlobal
