
Microsoft Visual Studio Solution File, Format Version 12.00
# Visual Studio 15
VisualStudioVersion = 15.0.27004.2009
MinimumVisualStudioVersion = 10.0.40219.1
Project("{FAE04EC0-301F-11D3-BF4B-00C04F79EFBC}") = "Tennis", "Tennis\Tennis.csproj", "{228A8EC6-F639-4F54-9F19-ACF37DCE69FE}"
EndProject
Project("{FAE04EC0-301F-11D3-BF4B-00C04F79EFBC}") = "UnitTestProject1", "UnitTestProject1\UnitTestProject1.csproj", "{D2B002E1-1313-4E3F-9E12-A0461B580D06}"
EndProject
Global
	GlobalSection(SolutionConfigurationPlatforms) = preSolution
		Debug|Any CPU = Debug|Any CPU
		Release|Any CPU = Release|Any CPU
	EndGlobalSection
	GlobalSection(ProjectConfigurationPlatforms) = postSolution
		{228A8EC6-F639-4F54-9F19-ACF37DCE69FE}.Debug|Any CPU.ActiveCfg = Debug|Any CPU
		{228A8EC6-F639-4F54-9F19-ACF37DCE69FE}.Debug|Any CPU.Build.0 = Debug|Any CPU
		{228A8EC6-F639-4F54-9F19-ACF37DCE69FE}.Release|Any CPU.ActiveCfg = Release|Any CPU
		{228A8EC6-F639-4F54-9F19-ACF37DCE69FE}.Release|Any CPU.Build.0 = Release|Any CPU
		{D2B002E1-1313-4E3F-9E12-A0461B580D06}.Debug|Any CPU.ActiveCfg = Debug|Any CPU
		{D2B002E1-1313-4E3F-9E12-A0461B580D06}.Debug|Any CPU.Build.0 = Debug|Any CPU
		{D2B002E1-1313-4E3F-9E12-A0461B580D06}.Release|Any CPU.ActiveCfg = Release|Any CPU
		{D2B002E1-1313-4E3F-9E12-A0461B580D06}.Release|Any CPU.Build.0 = Release|Any CPU
	EndGlobalSection
	GlobalSection(SolutionProperties) = preSolution
		HideSolutionNode = FALSE
	EndGlobalSection
	GlobalSection(ExtensibilityGlobals) = postSolution
		SolutionGuid = {3CA23267-573F-4AB1-A551-0A420DB56E7A}
	EndGlobalSection
EndGlobal
