
Microsoft Visual Studio Solution File, Format Version 12.00
# Visual Studio 15
VisualStudioVersion = 15.0.27004.2009
MinimumVisualStudioVersion = 10.0.40219.1
Project("{FAE04EC0-301F-11D3-BF4B-00C04F79EFBC}") = "Yondu", "Yondu\Yondu.csproj", "{E1898CD0-7FD4-46DB-8DAA-F18ED2BF18DD}"
EndProject
Project("{FAE04EC0-301F-11D3-BF4B-00C04F79EFBC}") = "XUnitTestProject1", "XUnitTestProject1\XUnitTestProject1.csproj", "{D16E4984-0FF3-45EE-9EE9-2AA88F60B1FD}"
EndProject
Global
	GlobalSection(SolutionConfigurationPlatforms) = preSolution
		Debug|Any CPU = Debug|Any CPU
		Release|Any CPU = Release|Any CPU
	EndGlobalSection
	GlobalSection(ProjectConfigurationPlatforms) = postSolution
		{E1898CD0-7FD4-46DB-8DAA-F18ED2BF18DD}.Debug|Any CPU.ActiveCfg = Debug|Any CPU
		{E1898CD0-7FD4-46DB-8DAA-F18ED2BF18DD}.Debug|Any CPU.Build.0 = Debug|Any CPU
		{E1898CD0-7FD4-46DB-8DAA-F18ED2BF18DD}.Release|Any CPU.ActiveCfg = Release|Any CPU
		{E1898CD0-7FD4-46DB-8DAA-F18ED2BF18DD}.Release|Any CPU.Build.0 = Release|Any CPU
		{D16E4984-0FF3-45EE-9EE9-2AA88F60B1FD}.Debug|Any CPU.ActiveCfg = Debug|Any CPU
		{D16E4984-0FF3-45EE-9EE9-2AA88F60B1FD}.Debug|Any CPU.Build.0 = Debug|Any CPU
		{D16E4984-0FF3-45EE-9EE9-2AA88F60B1FD}.Release|Any CPU.ActiveCfg = Release|Any CPU
		{D16E4984-0FF3-45EE-9EE9-2AA88F60B1FD}.Release|Any CPU.Build.0 = Release|Any CPU
	EndGlobalSection
	GlobalSection(SolutionProperties) = preSolution
		HideSolutionNode = FALSE
	EndGlobalSection
	GlobalSection(ExtensibilityGlobals) = postSolution
		SolutionGuid = {B3FE54E3-12E7-47C2-9D2E-F7493E345B31}
	EndGlobalSection
EndGlobal
