
Microsoft Visual Studio Solution File, Format Version 12.00
# Visual Studio 15
VisualStudioVersion = 15.0.27004.2009
MinimumVisualStudioVersion = 10.0.40219.1
Project("{FAE04EC0-301F-11D3-BF4B-00C04F79EFBC}") = "Garden_Application", "Garden_Application\Garden_Application.csproj", "{C3B4A9C8-3862-48E9-908D-460BDBF20E52}"
EndProject
Global
	GlobalSection(SolutionConfigurationPlatforms) = preSolution
		Debug|Any CPU = Debug|Any CPU
		Release|Any CPU = Release|Any CPU
	EndGlobalSection
	GlobalSection(ProjectConfigurationPlatforms) = postSolution
		{C3B4A9C8-3862-48E9-908D-460BDBF20E52}.Debug|Any CPU.ActiveCfg = Debug|Any CPU
		{C3B4A9C8-3862-48E9-908D-460BDBF20E52}.Debug|Any CPU.Build.0 = Debug|Any CPU
		{C3B4A9C8-3862-48E9-908D-460BDBF20E52}.Release|Any CPU.ActiveCfg = Release|Any CPU
		{C3B4A9C8-3862-48E9-908D-460BDBF20E52}.Release|Any CPU.Build.0 = Release|Any CPU
	EndGlobalSection
	GlobalSection(SolutionProperties) = preSolution
		HideSolutionNode = FALSE
	EndGlobalSection
	GlobalSection(ExtensibilityGlobals) = postSolution
		SolutionGuid = {00A15D5D-11AA-42B3-B8BD-1864FD9ABADE}
	EndGlobalSection
EndGlobal
