
Microsoft Visual Studio Solution File, Format Version 12.00
# Visual Studio 15
VisualStudioVersion = 15.0.27004.2009
MinimumVisualStudioVersion = 10.0.40219.1
Project("{FAE04EC0-301F-11D3-BF4B-00C04F79EFBC}") = "Integration_testing", "Integration_testing\Integration_testing.csproj", "{1AE2DA27-921D-46DE-A871-3432C0B4B20B}"
EndProject
Global
	GlobalSection(SolutionConfigurationPlatforms) = preSolution
		Debug|Any CPU = Debug|Any CPU
		Release|Any CPU = Release|Any CPU
	EndGlobalSection
	GlobalSection(ProjectConfigurationPlatforms) = postSolution
		{1AE2DA27-921D-46DE-A871-3432C0B4B20B}.Debug|Any CPU.ActiveCfg = Debug|Any CPU
		{1AE2DA27-921D-46DE-A871-3432C0B4B20B}.Debug|Any CPU.Build.0 = Debug|Any CPU
		{1AE2DA27-921D-46DE-A871-3432C0B4B20B}.Release|Any CPU.ActiveCfg = Release|Any CPU
		{1AE2DA27-921D-46DE-A871-3432C0B4B20B}.Release|Any CPU.Build.0 = Release|Any CPU
	EndGlobalSection
	GlobalSection(SolutionProperties) = preSolution
		HideSolutionNode = FALSE
	EndGlobalSection
	GlobalSection(ExtensibilityGlobals) = postSolution
		SolutionGuid = {B1122264-BABB-4994-81BD-E2B17D5EC7B9}
	EndGlobalSection
EndGlobal
