
Microsoft Visual Studio Solution File, Format Version 12.00
# Visual Studio 15
VisualStudioVersion = 15.0.27004.2009
MinimumVisualStudioVersion = 10.0.40219.1
Project("{FAE04EC0-301F-11D3-BF4B-00C04F79EFBC}") = "Apples", "Apples\Apples.csproj", "{100B586F-EAD1-45BE-8FC9-5FF41C2DCABA}"
EndProject
Global
	GlobalSection(SolutionConfigurationPlatforms) = preSolution
		Debug|Any CPU = Debug|Any CPU
		Release|Any CPU = Release|Any CPU
	EndGlobalSection
	GlobalSection(ProjectConfigurationPlatforms) = postSolution
		{100B586F-EAD1-45BE-8FC9-5FF41C2DCABA}.Debug|Any CPU.ActiveCfg = Debug|Any CPU
		{100B586F-EAD1-45BE-8FC9-5FF41C2DCABA}.Debug|Any CPU.Build.0 = Debug|Any CPU
		{100B586F-EAD1-45BE-8FC9-5FF41C2DCABA}.Release|Any CPU.ActiveCfg = Release|Any CPU
		{100B586F-EAD1-45BE-8FC9-5FF41C2DCABA}.Release|Any CPU.Build.0 = Release|Any CPU
	EndGlobalSection
	GlobalSection(SolutionProperties) = preSolution
		HideSolutionNode = FALSE
	EndGlobalSection
	GlobalSection(ExtensibilityGlobals) = postSolution
		SolutionGuid = {114B6A0F-27C1-4C3E-A106-D826BFF4A3C8}
	EndGlobalSection
EndGlobal
