
Microsoft Visual Studio Solution File, Format Version 12.00
# Visual Studio 15
VisualStudioVersion = 15.0.27004.2009
MinimumVisualStudioVersion = 10.0.40219.1
Project("{9A19103F-16F7-4668-BE54-9A1E7A4F7556}") = "GreenfoxStore", "GreenfoxStore\GreenfoxStore.csproj", "{15803D32-D888-4F93-BAD0-2CA694336DAC}"
EndProject
Project("{FAE04EC0-301F-11D3-BF4B-00C04F79EFBC}") = "XUnitTestProject1", "XUnitTestProject1\XUnitTestProject1.csproj", "{6A5FA404-A735-4CF5-A418-A583DCA45F03}"
EndProject
Global
	GlobalSection(SolutionConfigurationPlatforms) = preSolution
		Debug|Any CPU = Debug|Any CPU
		Release|Any CPU = Release|Any CPU
	EndGlobalSection
	GlobalSection(ProjectConfigurationPlatforms) = postSolution
		{15803D32-D888-4F93-BAD0-2CA694336DAC}.Debug|Any CPU.ActiveCfg = Debug|Any CPU
		{15803D32-D888-4F93-BAD0-2CA694336DAC}.Debug|Any CPU.Build.0 = Debug|Any CPU
		{15803D32-D888-4F93-BAD0-2CA694336DAC}.Release|Any CPU.ActiveCfg = Release|Any CPU
		{15803D32-D888-4F93-BAD0-2CA694336DAC}.Release|Any CPU.Build.0 = Release|Any CPU
		{6A5FA404-A735-4CF5-A418-A583DCA45F03}.Debug|Any CPU.ActiveCfg = Debug|Any CPU
		{6A5FA404-A735-4CF5-A418-A583DCA45F03}.Debug|Any CPU.Build.0 = Debug|Any CPU
		{6A5FA404-A735-4CF5-A418-A583DCA45F03}.Release|Any CPU.ActiveCfg = Release|Any CPU
		{6A5FA404-A735-4CF5-A418-A583DCA45F03}.Release|Any CPU.Build.0 = Release|Any CPU
	EndGlobalSection
	GlobalSection(SolutionProperties) = preSolution
		HideSolutionNode = FALSE
	EndGlobalSection
	GlobalSection(ExtensibilityGlobals) = postSolution
		SolutionGuid = {B9F7271D-6000-4D07-83EF-3C6E304AD017}
	EndGlobalSection
EndGlobal
