
Microsoft Visual Studio Solution File, Format Version 12.00
# Visual Studio 15
VisualStudioVersion = 15.0.27004.2009
MinimumVisualStudioVersion = 10.0.40219.1
Project("{FAE04EC0-301F-11D3-BF4B-00C04F79EFBC}") = "ConsoleApp1", "ConsoleApp1\ConsoleApp1.csproj", "{003C2D53-CDDA-4E82-9206-0FFB3C818FB3}"
EndProject
Global
	GlobalSection(SolutionConfigurationPlatforms) = preSolution
		Debug|Any CPU = Debug|Any CPU
		Release|Any CPU = Release|Any CPU
	EndGlobalSection
	GlobalSection(ProjectConfigurationPlatforms) = postSolution
		{003C2D53-CDDA-4E82-9206-0FFB3C818FB3}.Debug|Any CPU.ActiveCfg = Debug|Any CPU
		{003C2D53-CDDA-4E82-9206-0FFB3C818FB3}.Debug|Any CPU.Build.0 = Debug|Any CPU
		{003C2D53-CDDA-4E82-9206-0FFB3C818FB3}.Release|Any CPU.ActiveCfg = Release|Any CPU
		{003C2D53-CDDA-4E82-9206-0FFB3C818FB3}.Release|Any CPU.Build.0 = Release|Any CPU
	EndGlobalSection
	GlobalSection(SolutionProperties) = preSolution
		HideSolutionNode = FALSE
	EndGlobalSection
	GlobalSection(ExtensibilityGlobals) = postSolution
		SolutionGuid = {2223E5E0-B12F-4843-A084-38B320666366}
	EndGlobalSection
EndGlobal
