
Microsoft Visual Studio Solution File, Format Version 12.00
# Visual Studio 15
VisualStudioVersion = 15.0.27004.2009
MinimumVisualStudioVersion = 10.0.40219.1
Project("{FAE04EC0-301F-11D3-BF4B-00C04F79EFBC}") = "Anagram", "Anagram\Anagram.csproj", "{1E8F1A8D-66E2-4205-9467-C63C2ED3438F}"
EndProject
Project("{FAE04EC0-301F-11D3-BF4B-00C04F79EFBC}") = "UnitTestProject1", "UnitTestProject1\UnitTestProject1.csproj", "{2BCBB594-264E-4F53-9705-5C7A2AF332E2}"
EndProject
Global
	GlobalSection(SolutionConfigurationPlatforms) = preSolution
		Debug|Any CPU = Debug|Any CPU
		Release|Any CPU = Release|Any CPU
	EndGlobalSection
	GlobalSection(ProjectConfigurationPlatforms) = postSolution
		{1E8F1A8D-66E2-4205-9467-C63C2ED3438F}.Debug|Any CPU.ActiveCfg = Debug|Any CPU
		{1E8F1A8D-66E2-4205-9467-C63C2ED3438F}.Debug|Any CPU.Build.0 = Debug|Any CPU
		{1E8F1A8D-66E2-4205-9467-C63C2ED3438F}.Release|Any CPU.ActiveCfg = Release|Any CPU
		{1E8F1A8D-66E2-4205-9467-C63C2ED3438F}.Release|Any CPU.Build.0 = Release|Any CPU
		{2BCBB594-264E-4F53-9705-5C7A2AF332E2}.Debug|Any CPU.ActiveCfg = Debug|Any CPU
		{2BCBB594-264E-4F53-9705-5C7A2AF332E2}.Debug|Any CPU.Build.0 = Debug|Any CPU
		{2BCBB594-264E-4F53-9705-5C7A2AF332E2}.Release|Any CPU.ActiveCfg = Release|Any CPU
		{2BCBB594-264E-4F53-9705-5C7A2AF332E2}.Release|Any CPU.Build.0 = Release|Any CPU
	EndGlobalSection
	GlobalSection(SolutionProperties) = preSolution
		HideSolutionNode = FALSE
	EndGlobalSection
	GlobalSection(ExtensibilityGlobals) = postSolution
		SolutionGuid = {AF89944E-A940-45E7-9A9E-9621EA4A5893}
	EndGlobalSection
EndGlobal
