
Microsoft Visual Studio Solution File, Format Version 12.00
# Visual Studio 15
VisualStudioVersion = 15.0.27004.2009
MinimumVisualStudioVersion = 10.0.40219.1
Project("{FAE04EC0-301F-11D3-BF4B-00C04F79EFBC}") = "ConsoleApp1", "ConsoleApp1\ConsoleApp1.csproj", "{CA39ADE6-F809-40F6-BBE6-9615F7581429}"
EndProject
Global
	GlobalSection(SolutionConfigurationPlatforms) = preSolution
		Debug|Any CPU = Debug|Any CPU
		Release|Any CPU = Release|Any CPU
	EndGlobalSection
	GlobalSection(ProjectConfigurationPlatforms) = postSolution
		{CA39ADE6-F809-40F6-BBE6-9615F7581429}.Debug|Any CPU.ActiveCfg = Debug|Any CPU
		{CA39ADE6-F809-40F6-BBE6-9615F7581429}.Debug|Any CPU.Build.0 = Debug|Any CPU
		{CA39ADE6-F809-40F6-BBE6-9615F7581429}.Release|Any CPU.ActiveCfg = Release|Any CPU
		{CA39ADE6-F809-40F6-BBE6-9615F7581429}.Release|Any CPU.Build.0 = Release|Any CPU
	EndGlobalSection
	GlobalSection(SolutionProperties) = preSolution
		HideSolutionNode = FALSE
	EndGlobalSection
	GlobalSection(ExtensibilityGlobals) = postSolution
		SolutionGuid = {19817F76-B4B4-4CF5-93D3-2895850CD480}
	EndGlobalSection
EndGlobal
