
Microsoft Visual Studio Solution File, Format Version 12.00
# Visual Studio 15
VisualStudioVersion = 15.0.27004.2009
MinimumVisualStudioVersion = 10.0.40219.1
Project("{FAE04EC0-301F-11D3-BF4B-00C04F79EFBC}") = "UniqueChars", "UniqueChars\UniqueChars.csproj", "{2597F044-6487-4208-A025-170FB3F43506}"
EndProject
Project("{FAE04EC0-301F-11D3-BF4B-00C04F79EFBC}") = "UnitTestProject1", "UnitTestProject1\UnitTestProject1.csproj", "{361ED11D-E0A0-4143-B9D2-EBDD5E35AE2D}"
EndProject
Global
	GlobalSection(SolutionConfigurationPlatforms) = preSolution
		Debug|Any CPU = Debug|Any CPU
		Release|Any CPU = Release|Any CPU
	EndGlobalSection
	GlobalSection(ProjectConfigurationPlatforms) = postSolution
		{2597F044-6487-4208-A025-170FB3F43506}.Debug|Any CPU.ActiveCfg = Debug|Any CPU
		{2597F044-6487-4208-A025-170FB3F43506}.Debug|Any CPU.Build.0 = Debug|Any CPU
		{2597F044-6487-4208-A025-170FB3F43506}.Release|Any CPU.ActiveCfg = Release|Any CPU
		{2597F044-6487-4208-A025-170FB3F43506}.Release|Any CPU.Build.0 = Release|Any CPU
		{361ED11D-E0A0-4143-B9D2-EBDD5E35AE2D}.Debug|Any CPU.ActiveCfg = Debug|Any CPU
		{361ED11D-E0A0-4143-B9D2-EBDD5E35AE2D}.Debug|Any CPU.Build.0 = Debug|Any CPU
		{361ED11D-E0A0-4143-B9D2-EBDD5E35AE2D}.Release|Any CPU.ActiveCfg = Release|Any CPU
		{361ED11D-E0A0-4143-B9D2-EBDD5E35AE2D}.Release|Any CPU.Build.0 = Release|Any CPU
	EndGlobalSection
	GlobalSection(SolutionProperties) = preSolution
		HideSolutionNode = FALSE
	EndGlobalSection
	GlobalSection(ExtensibilityGlobals) = postSolution
		SolutionGuid = {3DB5B4B9-E37E-4978-B351-33DCFE49F9E5}
	EndGlobalSection
EndGlobal
