
Microsoft Visual Studio Solution File, Format Version 12.00
# Visual Studio 15
VisualStudioVersion = 15.0.27004.2009
MinimumVisualStudioVersion = 10.0.40219.1
Project("{FAE04EC0-301F-11D3-BF4B-00C04F79EFBC}") = "ConsoleApp1", "ConsoleApp1\ConsoleApp1.csproj", "{C1EFC2B8-2BF9-45AE-8048-0B5CF4D96F03}"
EndProject
Global
	GlobalSection(SolutionConfigurationPlatforms) = preSolution
		Debug|Any CPU = Debug|Any CPU
		Release|Any CPU = Release|Any CPU
	EndGlobalSection
	GlobalSection(ProjectConfigurationPlatforms) = postSolution
		{C1EFC2B8-2BF9-45AE-8048-0B5CF4D96F03}.Debug|Any CPU.ActiveCfg = Debug|Any CPU
		{C1EFC2B8-2BF9-45AE-8048-0B5CF4D96F03}.Debug|Any CPU.Build.0 = Debug|Any CPU
		{C1EFC2B8-2BF9-45AE-8048-0B5CF4D96F03}.Release|Any CPU.ActiveCfg = Release|Any CPU
		{C1EFC2B8-2BF9-45AE-8048-0B5CF4D96F03}.Release|Any CPU.Build.0 = Release|Any CPU
	EndGlobalSection
	GlobalSection(SolutionProperties) = preSolution
		HideSolutionNode = FALSE
	EndGlobalSection
	GlobalSection(ExtensibilityGlobals) = postSolution
		SolutionGuid = {4F241C46-C605-4542-B107-710E1634853A}
	EndGlobalSection
EndGlobal
