
Microsoft Visual Studio Solution File, Format Version 12.00
# Visual Studio 15
VisualStudioVersion = 15.0.27004.2009
MinimumVisualStudioVersion = 10.0.40219.1
Project("{FAE04EC0-301F-11D3-BF4B-00C04F79EFBC}") = "Zoo", "Zoo\Zoo.csproj", "{64149F18-A9D5-4015-AD81-76A9C5A05FB8}"
EndProject
Global
	GlobalSection(SolutionConfigurationPlatforms) = preSolution
		Debug|Any CPU = Debug|Any CPU
		Release|Any CPU = Release|Any CPU
	EndGlobalSection
	GlobalSection(ProjectConfigurationPlatforms) = postSolution
		{64149F18-A9D5-4015-AD81-76A9C5A05FB8}.Debug|Any CPU.ActiveCfg = Debug|Any CPU
		{64149F18-A9D5-4015-AD81-76A9C5A05FB8}.Debug|Any CPU.Build.0 = Debug|Any CPU
		{64149F18-A9D5-4015-AD81-76A9C5A05FB8}.Release|Any CPU.ActiveCfg = Release|Any CPU
		{64149F18-A9D5-4015-AD81-76A9C5A05FB8}.Release|Any CPU.Build.0 = Release|Any CPU
	EndGlobalSection
	GlobalSection(SolutionProperties) = preSolution
		HideSolutionNode = FALSE
	EndGlobalSection
	GlobalSection(ExtensibilityGlobals) = postSolution
		SolutionGuid = {F011AC0D-FC61-455D-B2AC-FAA0A689E3AF}
	EndGlobalSection
EndGlobal
