
Microsoft Visual Studio Solution File, Format Version 12.00
# Visual Studio 15
VisualStudioVersion = 15.0.27004.2009
MinimumVisualStudioVersion = 10.0.40219.1
Project("{FAE04EC0-301F-11D3-BF4B-00C04F79EFBC}") = "Animal", "Animal\Animal.csproj", "{75E4B575-149C-4CD8-993A-C7166C91170D}"
EndProject
Global
	GlobalSection(SolutionConfigurationPlatforms) = preSolution
		Debug|Any CPU = Debug|Any CPU
		Release|Any CPU = Release|Any CPU
	EndGlobalSection
	GlobalSection(ProjectConfigurationPlatforms) = postSolution
		{75E4B575-149C-4CD8-993A-C7166C91170D}.Debug|Any CPU.ActiveCfg = Debug|Any CPU
		{75E4B575-149C-4CD8-993A-C7166C91170D}.Debug|Any CPU.Build.0 = Debug|Any CPU
		{75E4B575-149C-4CD8-993A-C7166C91170D}.Release|Any CPU.ActiveCfg = Release|Any CPU
		{75E4B575-149C-4CD8-993A-C7166C91170D}.Release|Any CPU.Build.0 = Release|Any CPU
	EndGlobalSection
	GlobalSection(SolutionProperties) = preSolution
		HideSolutionNode = FALSE
	EndGlobalSection
	GlobalSection(ExtensibilityGlobals) = postSolution
		SolutionGuid = {4266CE84-DC62-4A4E-9A80-BED25000C2BD}
	EndGlobalSection
EndGlobal
