
Microsoft Visual Studio Solution File, Format Version 12.00
# Visual Studio 15
VisualStudioVersion = 15.0.27004.2009
MinimumVisualStudioVersion = 10.0.40219.1
Project("{FAE04EC0-301F-11D3-BF4B-00C04F79EFBC}") = "Cloneable", "Cloneable\Cloneable.csproj", "{629AF399-0164-4951-871D-8C0FF06AC369}"
EndProject
Global
	GlobalSection(SolutionConfigurationPlatforms) = preSolution
		Debug|Any CPU = Debug|Any CPU
		Release|Any CPU = Release|Any CPU
	EndGlobalSection
	GlobalSection(ProjectConfigurationPlatforms) = postSolution
		{629AF399-0164-4951-871D-8C0FF06AC369}.Debug|Any CPU.ActiveCfg = Debug|Any CPU
		{629AF399-0164-4951-871D-8C0FF06AC369}.Debug|Any CPU.Build.0 = Debug|Any CPU
		{629AF399-0164-4951-871D-8C0FF06AC369}.Release|Any CPU.ActiveCfg = Release|Any CPU
		{629AF399-0164-4951-871D-8C0FF06AC369}.Release|Any CPU.Build.0 = Release|Any CPU
	EndGlobalSection
	GlobalSection(SolutionProperties) = preSolution
		HideSolutionNode = FALSE
	EndGlobalSection
	GlobalSection(ExtensibilityGlobals) = postSolution
		SolutionGuid = {5B716D4E-E335-4A95-8A87-046675182280}
	EndGlobalSection
EndGlobal
