
Microsoft Visual Studio Solution File, Format Version 12.00
# Visual Studio 15
VisualStudioVersion = 15.0.27004.2009
MinimumVisualStudioVersion = 10.0.40219.1
Project("{FAE04EC0-301F-11D3-BF4B-00C04F79EFBC}") = "The_Reddit", "The_Reddit\The_Reddit.csproj", "{8A0D363B-E591-4C5B-B24B-6659C7645558}"
EndProject
Global
	GlobalSection(SolutionConfigurationPlatforms) = preSolution
		Debug|Any CPU = Debug|Any CPU
		Release|Any CPU = Release|Any CPU
	EndGlobalSection
	GlobalSection(ProjectConfigurationPlatforms) = postSolution
		{8A0D363B-E591-4C5B-B24B-6659C7645558}.Debug|Any CPU.ActiveCfg = Debug|Any CPU
		{8A0D363B-E591-4C5B-B24B-6659C7645558}.Debug|Any CPU.Build.0 = Debug|Any CPU
		{8A0D363B-E591-4C5B-B24B-6659C7645558}.Release|Any CPU.ActiveCfg = Release|Any CPU
		{8A0D363B-E591-4C5B-B24B-6659C7645558}.Release|Any CPU.Build.0 = Release|Any CPU
	EndGlobalSection
	GlobalSection(SolutionProperties) = preSolution
		HideSolutionNode = FALSE
	EndGlobalSection
	GlobalSection(ExtensibilityGlobals) = postSolution
		SolutionGuid = {B25EC547-6A28-4492-9BCE-9CCFB9832A6F}
	EndGlobalSection
EndGlobal
