
Microsoft Visual Studio Solution File, Format Version 12.00
# Visual Studio 15
VisualStudioVersion = 15.0.27004.2009
MinimumVisualStudioVersion = 10.0.40219.1
Project("{FAE04EC0-301F-11D3-BF4B-00C04F79EFBC}") = "Exercise6", "Exercise6\Exercise6.csproj", "{5FBF532F-C8F7-45B7-9D97-DD9867D0A54A}"
EndProject
Global
	GlobalSection(SolutionConfigurationPlatforms) = preSolution
		Debug|Any CPU = Debug|Any CPU
		Release|Any CPU = Release|Any CPU
	EndGlobalSection
	GlobalSection(ProjectConfigurationPlatforms) = postSolution
		{5FBF532F-C8F7-45B7-9D97-DD9867D0A54A}.Debug|Any CPU.ActiveCfg = Debug|Any CPU
		{5FBF532F-C8F7-45B7-9D97-DD9867D0A54A}.Debug|Any CPU.Build.0 = Debug|Any CPU
		{5FBF532F-C8F7-45B7-9D97-DD9867D0A54A}.Release|Any CPU.ActiveCfg = Release|Any CPU
		{5FBF532F-C8F7-45B7-9D97-DD9867D0A54A}.Release|Any CPU.Build.0 = Release|Any CPU
	EndGlobalSection
	GlobalSection(SolutionProperties) = preSolution
		HideSolutionNode = FALSE
	EndGlobalSection
	GlobalSection(ExtensibilityGlobals) = postSolution
		SolutionGuid = {EC03CA18-284C-4B51-A7F9-3A07528E7C4E}
	EndGlobalSection
EndGlobal
